<?xml version="1.0" encoding="utf-8"?>
<Project ToolsVersion="4.0" xmlns="http://schemas.microsoft.com/developer/msbuild/2003">
  <ItemGroup>
    <Filter Include="Source Files">
      <UniqueIdentifier>{5d1f2af9-f393-464b-bc78-0280800f9045}</UniqueIdentifier>
      <Extensions>cpp;c;cxx;rc;def;r;odl;idl;hpj;bat</Extensions>
    </Filter>
    <Filter Include="Header Files">
      <UniqueIdentifier>{8c7929c0-d10d-45f5-950e-612f98dcb796}</UniqueIdentifier>
      <Extensions>h;hpp;hxx;hm;inl</Extensions>
    </Filter>
    <Filter Include="Resource Files">
      <UniqueIdentifier>{a81e743c-8894-4ce5-ada8-7efe413c7d30}</UniqueIdentifier>
      <Extensions>ico;cur;bmp;dlg;rc2;rct;bin;rgs;gif;jpg;jpeg;jpe</Extensions>
    </Filter>
  </ItemGroup>
  <ItemGroup>
    <ClInclude Include="TextViewNG\Attr.h">
      <Filter>Header Files</Filter>
    </ClInclude>
    <ClInclude Include="TextViewNG\Bookmarks.h">
      <Filter>Header Files</Filter>
    </ClInclude>
    <ClInclude Include="TextViewNG\BufFile.h">
      <Filter>Header Files</Filter>
    </ClInclude>
    <ClInclude Include="TextViewNG\Colors.h">
      <Filter>Header Files</Filter>
    </ClInclude>
    <ClInclude Include="TextViewNG\ColorSelector.h">
      <Filter>Header Files</Filter>
    </ClInclude>
    <ClInclude Include="TextViewNG\config.h">
      <Filter>Header Files</Filter>
    </ClInclude>
    <ClInclude Include="TextViewNG\ContentsDlg.h">
      <Filter>Header Files</Filter>
    </ClInclude>
    <ClInclude Include="TextViewNG\DummyView.h">
      <Filter>Header Files</Filter>
    </ClInclude>
    <ClInclude Include="TextViewNG\FastArray.h">
      <Filter>Header Files</Filter>
    </ClInclude>
    <ClInclude Include="TextViewNG\FDC.h">
      <Filter>Header Files</Filter>
    </ClInclude>
    <ClInclude Include="TextViewNG\FileFormatDialog.h">
      <Filter>Header Files</Filter>
    </ClInclude>
    <ClInclude Include="TextViewNG\FileOpenDialog.h">
      <Filter>Header Files</Filter>
    </ClInclude>
    <ClInclude Include="TextViewNG\FilePos.h">
      <Filter>Header Files</Filter>
    </ClInclude>
    <ClInclude Include="TextViewNG\InputBox.h">
      <Filter>Header Files</Filter>
    </ClInclude>
    <ClInclude Include="TextViewNG\Keys.h">
      <Filter>Header Files</Filter>
    </ClInclude>
    <ClInclude Include="TextViewNG\MiscOptDlg.h">
      <Filter>Header Files</Filter>
    </ClInclude>
    <ClInclude Include="TextViewNG\OptionsDialog.h">
      <Filter>Header Files</Filter>
    </ClInclude>
    <ClInclude Include="TextViewNG\PDBFile.h">
      <Filter>Header Files</Filter>
    </ClInclude>
    <ClInclude Include="TextViewNG\ProgressDlg.h">
      <Filter>Header Files</Filter>
    </ClInclude>
    <ClInclude Include="TextViewNG\ptr.h">
      <Filter>Header Files</Filter>
    </ClInclude>
    <ClInclude Include="TextViewNG\resource.h">
      <Filter>Header Files</Filter>
    </ClInclude>
    <ClInclude Include="TextViewNG\RFile.h">
      <Filter>Header Files</Filter>
    </ClInclude>
    <ClInclude Include="TextViewNG\Rotate.h">
      <Filter>Header Files</Filter>
    </ClInclude>
    <ClInclude Include="TextViewNG\StrBuf.h">
      <Filter>Header Files</Filter>
    </ClInclude>
    <ClInclude Include="TextViewNG\StylesDlg.h">
      <Filter>Header Files</Filter>
    </ClInclude>
    <ClInclude Include="TextViewNG\TCRFile.h">
      <Filter>Header Files</Filter>
    </ClInclude>
    <ClInclude Include="TextViewNG\TextFile.h">
      <Filter>Header Files</Filter>
    </ClInclude>
    <ClInclude Include="TextViewNG\TextFormatter.h">
      <Filter>Header Files</Filter>
    </ClInclude>
    <ClInclude Include="TextViewNG\TextParser.h">
      <Filter>Header Files</Filter>
    </ClInclude>
    <ClInclude Include="TextViewNG\TextViewNG.h">
      <Filter>Header Files</Filter>
    </ClInclude>
    <ClInclude Include="TextViewNG\TVFrame.h">
      <Filter>Header Files</Filter>
    </ClInclude>
    <ClInclude Include="TextViewNG\TView.h">
      <Filter>Header Files</Filter>
    </ClInclude>
    <ClInclude Include="TextViewNG\Unicode.h">
      <Filter>Header Files</Filter>
    </ClInclude>
    <ClInclude Include="TextViewNG\WMap.h">
      <Filter>Header Files</Filter>
    </ClInclude>
    <ClInclude Include="TextViewNG\XListBox.h">
      <Filter>Header Files</Filter>
    </ClInclude>
    <ClInclude Include="TextViewNG\xscanf.h">
      <Filter>Header Files</Filter>
    </ClInclude>
    <ClInclude Include="TextViewNG\buildnum.h">
      <Filter>Header Files</Filter>
    </ClInclude>
    <ClInclude Include="Resource\newres.h">
      <Filter>Header Files</Filter>
    </ClInclude>
  </ItemGroup>
  <ItemGroup>
    <ClCompile Include="TextViewNG\Bookmarks.cpp">
      <Filter>Source Files</Filter>
    </ClCompile>
    <ClCompile Include="TextViewNG\BufFile.cpp">
      <Filter>Source Files</Filter>
    </ClCompile>
    <ClCompile Include="TextViewNG\ColorSelector.cpp">
      <Filter>Source Files</Filter>
    </ClCompile>
    <ClCompile Include="TextViewNG\ContentsDlg.cpp">
      <Filter>Source Files</Filter>
    </ClCompile>
    <ClCompile Include="TextViewNG\DummyView.cpp">
      <Filter>Source Files</Filter>
    </ClCompile>
    <ClCompile Include="TextViewNG\FastArray.cpp">
      <Filter>Source Files</Filter>
    </ClCompile>
    <ClCompile Include="TextViewNG\FDC.cpp">
      <Filter>Source Files</Filter>
    </ClCompile>
    <ClCompile Include="TextViewNG\FileFormatDialog.cpp">
      <Filter>Source Files</Filter>
    </ClCompile>
    <ClCompile Include="TextViewNG\FileOpenDialog.cpp">
      <Filter>Source Files</Filter>
    </ClCompile>
    <ClCompile Include="TextViewNG\InputBox.cpp">
      <Filter>Source Files</Filter>
    </ClCompile>
    <ClCompile Include="TextViewNG\Keys.cpp">
      <Filter>Source Files</Filter>
    </ClCompile>
    <ClCompile Include="TextViewNG\MiscOptDlg.cpp">
      <Filter>Source Files</Filter>
    </ClCompile>
    <ClCompile Include="TextViewNG\OptionsDialog.cpp">
      <Filter>Source Files</Filter>
    </ClCompile>
    <ClCompile Include="TextViewNG\PDBFile.cpp">
      <Filter>Source Files</Filter>
    </ClCompile>
    <ClCompile Include="TextViewNG\ProgressDlg.cpp">
      <Filter>Source Files</Filter>
    </ClCompile>
    <ClCompile Include="TextViewNG\RFile.cpp">
      <Filter>Source Files</Filter>
    </ClCompile>
    <ClCompile Include="TextViewNG\Rotate.cpp">
      <Filter>Source Files</Filter>
    </ClCompile>
    <ClCompile Include="TextViewNG\StrBuf.cpp">
      <Filter>Source Files</Filter>
    </ClCompile>
    <ClCompile Include="TextViewNG\StylesDlg.cpp">
      <Filter>Source Files</Filter>
    </ClCompile>
    <ClCompile Include="TextViewNG\TCRFile.cpp">
      <Filter>Source Files</Filter>
    </ClCompile>
    <ClCompile Include="TextViewNG\TextFile.cpp">
      <Filter>Source Files</Filter>
    </ClCompile>
    <ClCompile Include="TextViewNG\TextFormatter.cpp">
      <Filter>Source Files</Filter>
    </ClCompile>
    <ClCompile Include="TextViewNG\TextParser.cpp">
      <Filter>Source Files</Filter>
    </ClCompile>
    <ClCompile Include="TextViewNG\TextViewNG.cpp">
      <Filter>Source Files</Filter>
    </ClCompile>
    <ClCompile Include="TextViewNG\TVFrame.cpp">
      <Filter>Source Files</Filter>
    </ClCompile>
    <ClCompile Include="TextViewNG\TView.cpp">
      <Filter>Source Files</Filter>
    </ClCompile>
    <ClCompile Include="TextViewNG\Unicode.cpp">
      <Filter>Source Files</Filter>
    </ClCompile>
    <ClCompile Include="TextViewNG\WMap.cpp">
      <Filter>Source Files</Filter>
    </ClCompile>
    <ClCompile Include="TextViewNG\XListBox.cpp">
      <Filter>Source Files</Filter>
    </ClCompile>
    <ClCompile Include="TextViewNG\xscanf.cpp">
      <Filter>Source Files</Filter>
    </ClCompile>
  </ItemGroup>
  <ItemGroup>
    <Image Include="Resource\Cmdbar.bmp">
      <Filter>Resource Files</Filter>
    </Image>
    <Image Include="Resource\contents.bmp">
      <Filter>Resource Files</Filter>
    </Image>
    <Image Include="Resource\contents_hr.bmp">
      <Filter>Resource Files</Filter>
    </Image>
    <Image Include="Resource\dialog.bmp">
      <Filter>Resource Files</Filter>
    </Image>
    <Image Include="Resource\dialog_hr.bmp">
      <Filter>Resource Files</Filter>
    </Image>
    <Image Include="Resource\HR.ico">
      <Filter>Resource Files</Filter>
    </Image>
    <Image Include="Resource\mainframe_hr.bmp">
      <Filter>Resource Files</Filter>
    </Image>
    <Image Include="Resource\smallico.bmp">
      <Filter>Resource Files</Filter>
    </Image>
    <Image Include="Resource\tree.bmp">
      <Filter>Resource Files</Filter>
    </Image>
  </ItemGroup>
  <ItemGroup>
    <ResourceCompile Include="Resource\TextViewNG.rc">
      <Filter>Resource Files</Filter>
    </ResourceCompile>
  </ItemGroup>
  <ItemGroup>
    <Manifest Include="Resource\TextViewNG.manifest">
      <Filter>Resource Files</Filter>
    </Manifest>
  </ItemGroup>
</Project>